
Microsoft Visual Studio Solution File, Format Version 11.00
# Visual Studio 2010
Project("{FAE04EC0-301F-11D3-BF4B-00C04F79EFBC}") = "DropNet.CLI", "DropNet.CLI\DropNet.CLI.csproj", "{748BB6D1-B232-4EEE-8BC6-D6B1BD4FD9BF}"
EndProject
Project("{FAE04EC0-301F-11D3-BF4B-00C04F79EFBC}") = "DropNet", "DropNet\DropNet.csproj", "{E9580EFC-6014-4D3B-82A8-5F6D57213CE4}"
EndProject
Global
	GlobalSection(SolutionConfigurationPlatforms) = preSolution
		Debug|Any CPU = Debug|Any CPU
		Debug|Mixed Platforms = Debug|Mixed Platforms
		Debug|x86 = Debug|x86
		Release|Any CPU = Release|Any CPU
		Release|Mixed Platforms = Release|Mixed Platforms
		Release|x86 = Release|x86
	EndGlobalSection
	GlobalSection(ProjectConfigurationPlatforms) = postSolution
		{748BB6D1-B232-4EEE-8BC6-D6B1BD4FD9BF}.Debug|Any CPU.ActiveCfg = Debug|x86
		{748BB6D1-B232-4EEE-8BC6-D6B1BD4FD9BF}.Debug|Mixed Platforms.ActiveCfg = Debug|x86
		{748BB6D1-B232-4EEE-8BC6-D6B1BD4FD9BF}.Debug|Mixed Platforms.Build.0 = Debug|x86
		{748BB6D1-B232-4EEE-8BC6-D6B1BD4FD9BF}.Debug|x86.ActiveCfg = Debug|x86
		{748BB6D1-B232-4EEE-8BC6-D6B1BD4FD9BF}.Debug|x86.Build.0 = Debug|x86
		{748BB6D1-B232-4EEE-8BC6-D6B1BD4FD9BF}.Release|Any CPU.ActiveCfg = Release|x86
		{748BB6D1-B232-4EEE-8BC6-D6B1BD4FD9BF}.Release|Mixed Platforms.ActiveCfg = Release|x86
		{748BB6D1-B232-4EEE-8BC6-D6B1BD4FD9BF}.Release|Mixed Platforms.Build.0 = Release|x86
		{748BB6D1-B232-4EEE-8BC6-D6B1BD4FD9BF}.Release|x86.ActiveCfg = Release|x86
		{748BB6D1-B232-4EEE-8BC6-D6B1BD4FD9BF}.Release|x86.Build.0 = Release|x86
		{E9580EFC-6014-4D3B-82A8-5F6D57213CE4}.Debug|Any CPU.ActiveCfg = Debug|Any CPU
		{E9580EFC-6014-4D3B-82A8-5F6D57213CE4}.Debug|Any CPU.Build.0 = Debug|Any CPU
		{E9580EFC-6014-4D3B-82A8-5F6D57213CE4}.Debug|Mixed Platforms.ActiveCfg = Debug|Any CPU
		{E9580EFC-6014-4D3B-82A8-5F6D57213CE4}.Debug|Mixed Platforms.Build.0 = Debug|Any CPU
		{E9580EFC-6014-4D3B-82A8-5F6D57213CE4}.Debug|x86.ActiveCfg = Debug|Any CPU
		{E9580EFC-6014-4D3B-82A8-5F6D57213CE4}.Release|Any CPU.ActiveCfg = Release|Any CPU
		{E9580EFC-6014-4D3B-82A8-5F6D57213CE4}.Release|Any CPU.Build.0 = Release|Any CPU
		{E9580EFC-6014-4D3B-82A8-5F6D57213CE4}.Release|Mixed Platforms.ActiveCfg = Release|Any CPU
		{E9580EFC-6014-4D3B-82A8-5F6D57213CE4}.Release|Mixed Platforms.Build.0 = Release|Any CPU
		{E9580EFC-6014-4D3B-82A8-5F6D57213CE4}.Release|x86.ActiveCfg = Release|Any CPU
	EndGlobalSection
	GlobalSection(SolutionProperties) = preSolution
		HideSolutionNode = FALSE
	EndGlobalSection
EndGlobal
